schema: '2.0'
stages:
  data_ingestion:
    cmd: python src/data/data_ingestion.py
    deps:
    - path: src/data/data_ingestion.py
      hash: md5
      md5: 3170e820a2c792b3854769e97867dbbc
      size: 3654
    params:
      params.yaml:
        data_ingestion.test_size: 0.25
    outs:
    - path: data/raw
      hash: md5
      md5: 4ff2e6d3e2f8cef8da7c96d599bc576b.dir
      size: 678042
      nfiles: 2
  data_preprocessing:
    cmd: python src/data/data_pre_processing.py
    deps:
    - path: data/raw
      hash: md5
      md5: 4ff2e6d3e2f8cef8da7c96d599bc576b.dir
      size: 678042
      nfiles: 2
    - path: src/data/data_pre_processing.py
      hash: md5
      md5: 480ac2a9433533eab57e72ba96b35d1c
      size: 3129
    outs:
    - path: data/interim
      hash: md5
      md5: a5fdbda85f9415ac710539ac98c66c48.dir
      size: 418762
      nfiles: 2
  feature_engineering:
    cmd: python src/features/feature_engineering.py
    deps:
    - path: data/interim
      hash: md5
      md5: a5fdbda85f9415ac710539ac98c66c48.dir
      size: 418762
      nfiles: 2
    - path: src/features/feature_engineering.py
      hash: md5
      md5: 1024bd5de3f407f4fdef14d5368bf506
      size: 3667
    params:
      params.yaml:
        feature_engineering.max_features: 50
    outs:
    - path: data/processed
      hash: md5
      md5: 1fca2f11497f3c77bbb95820284a37f0.dir
      size: 51892
      nfiles: 2
    - path: models/vectorizer.pkl
      hash: md5
      md5: 952cc6ecd8b20835d0cc26ef7d8ab51c
      size: 1661
  model_building:
    cmd: python src/model/model_building.py
    deps:
    - path: data/processed
      hash: md5
      md5: 1fca2f11497f3c77bbb95820284a37f0.dir
      size: 51892
      nfiles: 2
    - path: src/model/model_building.py
      hash: md5
      md5: 4709cd05833189113a2506dec64ea68e
      size: 2090
    outs:
    - path: models/model.pkl
      hash: md5
      md5: 2db9036feddf229d8b8e4b08a5b19c77
      size: 1114
  model_evaluation:
    cmd: python src/model/model_evaluation.py
    deps:
    - path: models/model.pkl
      hash: md5
      md5: 2db9036feddf229d8b8e4b08a5b19c77
      size: 1114
    - path: src/model/model_evaluation.py
      hash: md5
      md5: 0936fdbe6e8504af7aff2fc3a63888ae
      size: 5749
    outs:
    - path: reports/experiment_info.json
      hash: md5
      md5: a0e3016a651bc5029305487bf79eae76
      size: 82
    - path: reports/metrics.json
      hash: md5
      md5: a065ba479cdd743fa27d6b6e6b497d04
      size: 132
  model_registration:
    cmd: python src/model/registermodel.py
    deps:
    - path: reports/experiment_info.json
      hash: md5
      md5: a0e3016a651bc5029305487bf79eae76
      size: 82
    - path: src/model/registermodel.py
      hash: md5
      md5: 694be92b8713f61211b3a746d6f635f9
      size: 3329
